// !$*UTF8*$!
{
	archiveVersion = 1;
	classes = {
	};
	objectVersion = 46;
	objects = {

/* Begin PBXBuildFile section */
		427BF5EC1645B6F400BC3809 /* Foundation.framework in Frameworks */ = {isa = PBXBuildFile; fileRef = 427BF5EB1645B6F400BC3809 /* Foundation.framework */; };
		427BF5F11645B6F400BC3809 /* libjpeg_turbo.h in CopyFiles */ = {isa = PBXBuildFile; fileRef = 427BF5F01645B6F400BC3809 /* libjpeg_turbo.h */; };
		427BF5F31645B6F400BC3809 /* libjpeg_turbo.m in Sources */ = {isa = PBXBuildFile; fileRef = 427BF5F21645B6F400BC3809 /* libjpeg_turbo.m */; };
/* End PBXBuildFile section */

/* Begin PBXCopyFilesBuildPhase section */
		427BF5E61645B6F400BC3809 /* CopyFiles */ = {
			isa = PBXCopyFilesBuildPhase;
			buildActionMask = 2147483647;
			dstPath = "include/${PRODUCT_NAME}";
			dstSubfolderSpec = 16;
			files = (
				427BF5F11645B6F400BC3809 /* libjpeg_turbo.h in CopyFiles */,
			);
			runOnlyForDeploymentPostprocessing = 0;
		};
/* End PBXCopyFilesBuildPhase section */

/* Begin PBXFileReference section */
		427BF5E81645B6F400BC3809 /* liblibjpeg-turbo.a */ = {isa = PBXFileReference; explicitFileType = archive.ar; includeInIndex = 0; path = "liblibjpeg-turbo.a"; sourceTree = BUILT_PRODUCTS_DIR; };
		427BF5EB1645B6F400BC3809 /* Foundation.framework */ = {isa = PBXFileReference; lastKnownFileType = wrapper.framework; name = Foundation.framework; path = System/Library/Frameworks/Foundation.framework; sourceTree = SDKROOT; };
		427BF5EF1645B6F400BC3809 /* libjpeg-turbo-Prefix.pch */ = {isa = PBXFileReference; lastKnownFileType = sourcecode.c.h; path = "libjpeg-turbo-Prefix.pch"; sourceTree = "<group>"; };
		427BF5F01645B6F400BC3809 /* libjpeg_turbo.h */ = {isa = PBXFileReference; lastKnownFileType = sourcecode.c.h; path = libjpeg_turbo.h; sourceTree = "<group>"; };
		427BF5F21645B6F400BC3809 /* libjpeg_turbo.m */ = {isa = PBXFileReference; lastKnownFileType = sourcecode.c.objc; path = libjpeg_turbo.m; sourceTree = "<group>"; };
/* End PBXFileReference section */

/* Begin PBXFrameworksBuildPhase section */
		427BF5E51645B6F400BC3809 /* Frameworks */ = {
			isa = PBXFrameworksBuildPhase;
			buildActionMask = 2147483647;
			files = (
				427BF5EC1645B6F400BC3809 /* Foundation.framework in Frameworks */,
			);
			runOnlyForDeploymentPostprocessing = 0;
		};
/* End PBXFrameworksBuildPhase section */

/* Begin PBXGroup section */
		427BF5DD1645B6F400BC3809 = {
			isa = PBXGroup;
			children = (
				427BF5ED1645B6F400BC3809 /* libjpeg-turbo */,
				427BF5EA1645B6F400BC3809 /* Frameworks */,
				427BF5E91645B6F400BC3809 /* Products */,
			);
			sourceTree = "<group>";
		};
		427BF5E91645B6F400BC3809 /* Products */ = {
			isa = PBXGroup;
			children = (
				427BF5E81645B6F400BC3809 /* liblibjpeg-turbo.a */,
			);
			name = Products;
			sourceTree = "<group>";
		};
		427BF5EA1645B6F400BC3809 /* Frameworks */ = {
			isa = PBXGroup;
			children = (
				427BF5EB1645B6F400BC3809 /* Foundation.framework */,
			);
			name = Frameworks;
			sourceTree = "<group>";
		};
		427BF5ED1645B6F400BC3809 /* libjpeg-turbo */ = {
			isa = PBXGroup;
			children = (
				427BF5F01645B6F400BC3809 /* libjpeg_turbo.h */,
				427BF5F21645B6F400BC3809 /* libjpeg_turbo.m */,
				427BF5EE1645B6F400BC3809 /* Supporting Files */,
			);
			path = "libjpeg-turbo";
			sourceTree = "<group>";
		};
		427BF5EE1645B6F400BC3809 /* Supporting Files */ = {
			isa = PBXGroup;
			children = (
				427BF5EF1645B6F400BC3809 /* libjpeg-turbo-Prefix.pch */,
			);
			name = "Supporting Files";
			sourceTree = "<group>";
		};
/* End PBXGroup section */

/* Begin PBXNativeTarget section */
		427BF5E71645B6F400BC3809 /* libjpeg-turbo */ = {
			isa = PBXNativeTarget;
			buildConfigurationList = 427BF5F61645B6F400BC3809 /* Build configuration list for PBXNativeTarget "libjpeg-turbo" */;
			buildPhases = (
				427BF5E41645B6F400BC3809 /* Sources */,
				427BF5E51645B6F400BC3809 /* Frameworks */,
				427BF5E61645B6F400BC3809 /* CopyFiles */,
			);
			buildRules = (
			);
			dependencies = (
			);
			name = "libjpeg-turbo";
			productName = "libjpeg-turbo";
			productReference = 427BF5E81645B6F400BC3809 /* liblibjpeg-turbo.a */;
			productType = "com.apple.product-type.library.static";
		};
/* End PBXNativeTarget section */

/* Begin PBXProject section */
		427BF5DF1645B6F400BC3809 /* Project object */ = {
			isa = PBXProject;
			attributes = {
				LastUpgradeCheck = 0450;
				ORGANIZATIONNAME = "Johannes Schriewer";
			};
			buildConfigurationList = 427BF5E21645B6F400BC3809 /* Build configuration list for PBXProject "libjpeg-turbo" */;
			compatibilityVersion = "Xcode 3.2";
			developmentRegion = English;
			hasScannedForEncodings = 0;
			knownRegions = (
				en,
			);
			mainGroup = 427BF5DD1645B6F400BC3809;
			productRefGroup = 427BF5E91645B6F400BC3809 /* Products */;
			projectDirPath = "";
			projectRoot = "";
			targets = (
				427BF5E71645B6F400BC3809 /* libjpeg-turbo */,
			);
		};
/* End PBXProject section */

/* Begin PBXSourcesBuildPhase section */
		427BF5E41645B6F400BC3809 /* Sources */ = {
			isa = PBXSourcesBuildPhase;
			buildActionMask = 2147483647;
			files = (
				427BF5F31645B6F400BC3809 /* libjpeg_turbo.m in Sources */,
			);
			runOnlyForDeploymentPostprocessing = 0;
		};
/* End PBXSourcesBuildPhase section */

/* Begin XCBuildConfiguration section */
		427BF5F41645B6F400BC3809 /* Debug */ = {
			isa = XCBuildConfiguration;
			buildSettings = {
				ALWAYS_SEARCH_USER_PATHS = NO;
				CLANG_CXX_LANGUAGE_STANDARD = "gnu++0x";
				CLANG_CXX_LIBRARY = "libc++";
				CLANG_WARN_EMPTY_BODY = YES;
				CLANG_WARN__DUPLICATE_METHOD_MATCH = YES;
				COPY_PHASE_STRIP = NO;
				GCC_C_LANGUAGE_STANDARD = gnu99;
				GCC_DYNAMIC_NO_PIC = NO;
				GCC_OPTIMIZATION_LEVEL = 0;
				GCC_PREPROCESSOR_DEFINITIONS = (
					"DEBUG=1",
					"$(inherited)",
				);
				GCC_SYMBOLS_PRIVATE_EXTERN = NO;
				GCC_WARN_ABOUT_RETURN_TYPE = YES;
				GCC_WARN_UNINITIALIZED_AUTOS = YES;
				GCC_WARN_UNUSED_VARIABLE = YES;
				IPHONEOS_DEPLOYMENT_TARGET = 6.0;
				ONLY_ACTIVE_ARCH = YES;
				SDKROOT = iphoneos;
			};
			name = Debug;
		};
		427BF5F51645B6F400BC3809 /* Release */ = {
			isa = XCBuildConfiguration;
			buildSettings = {
				ALWAYS_SEARCH_USER_PATHS = NO;
				CLANG_CXX_LANGUAGE_STANDARD = "gnu++0x";
				CLANG_CXX_LIBRARY = "libc++";
				CLANG_WARN_EMPTY_BODY = YES;
				CLANG_WARN__DUPLICATE_METHOD_MATCH = YES;
				COPY_PHASE_STRIP = YES;
				GCC_C_LANGUAGE_STANDARD = gnu99;
				GCC_WARN_ABOUT_RETURN_TYPE = YES;
				GCC_WARN_UNINITIALIZED_AUTOS = YES;
				GCC_WARN_UNUSED_VARIABLE = YES;
				IPHONEOS_DEPLOYMENT_TARGET = 6.0;
				SDKROOT = iphoneos;
				VALIDATE_PRODUCT = YES;
			};
			name = Release;
		};
		427BF5F71645B6F400BC3809 /* Debug */ = {
			isa = XCBuildConfiguration;
			buildSettings = {
				DSTROOT = /tmp/libjpeg_turbo.dst;
				GCC_PRECOMPILE_PREFIX_HEADER = YES;
				GCC_PREFIX_HEADER = "libjpeg-turbo/libjpeg-turbo-Prefix.pch";
				OTHER_LDFLAGS = "-ObjC";
				PRODUCT_NAME = "$(TARGET_NAME)";
				SKIP_INSTALL = YES;
			};
			name = Debug;
		};
		427BF5F81645B6F400BC3809 /* Release */ = {
			isa = XCBuildConfiguration;
			buildSettings = {
				DSTROOT = /tmp/libjpeg_turbo.dst;
				GCC_PRECOMPILE_PREFIX_HEADER = YES;
				GCC_PREFIX_HEADER = "libjpeg-turbo/libjpeg-turbo-Prefix.pch";
				OTHER_LDFLAGS = "-ObjC";
				PRODUCT_NAME = "$(TARGET_NAME)";
				SKIP_INSTALL = YES;
			};
			name = Release;
		};
/* End XCBuildConfiguration section */

/* Begin XCConfigurationList section */
		427BF5E21645B6F400BC3809 /* Build configuration list for PBXProject "libjpeg-turbo" */ = {
			isa = XCConfigurationList;
			buildConfigurations = (
				427BF5F41645B6F400BC3809 /* Debug */,
				427BF5F51645B6F400BC3809 /* Release */,
			);
			defaultConfigurationIsVisible = 0;
			defaultConfigurationName = Release;
		};
		427BF5F61645B6F400BC3809 /* Build configuration list for PBXNativeTarget "libjpeg-turbo" */ = {
			isa = XCConfigurationList;
			buildConfigurations = (
				427BF5F71645B6F400BC3809 /* Debug */,
				427BF5F81645B6F400BC3809 /* Release */,
			);
			defaultConfigurationIsVisible = 0;
		};
/* End XCConfigurationList section */
	};
	rootObject = 427BF5DF1645B6F400BC3809 /* Project object */;
}
